
Microsoft Visual Studio Solution File, Format Version 12.00
# Visual Studio Version 17
VisualStudioVersion = 17.5.33424.131
MinimumVisualStudioVersion = 10.0.40219.1
Project("{8BC9CEB8-8B4A-11D0-8D11-00A0C91BC942}") = "shapes", "shapes\shapes.vcxproj", "{A785C0DC-AE3F-43DD-9836-76B99474EC99}"
EndProject
Global
	GlobalSection(SolutionConfigurationPlatforms) = preSolution
		Debug|x64 = Debug|x64
		Debug|x86 = Debug|x86
		Release|x64 = Release|x64
		Release|x86 = Release|x86
	EndGlobalSection
	GlobalSection(ProjectConfigurationPlatforms) = postSolution
		{A785C0DC-AE3F-43DD-9836-76B99474EC99}.Debug|x64.ActiveCfg = Debug|x64
		{A785C0DC-AE3F-43DD-9836-76B99474EC99}.Debug|x64.Build.0 = Debug|x64
		{A785C0DC-AE3F-43DD-9836-76B99474EC99}.Debug|x86.ActiveCfg = Debug|Win32
		{A785C0DC-AE3F-43DD-9836-76B99474EC99}.Debug|x86.Build.0 = Debug|Win32
		{A785C0DC-AE3F-43DD-9836-76B99474EC99}.Release|x64.ActiveCfg = Release|x64
		{A785C0DC-AE3F-43DD-9836-76B99474EC99}.Release|x64.Build.0 = Release|x64
		{A785C0DC-AE3F-43DD-9836-76B99474EC99}.Release|x86.ActiveCfg = Release|Win32
		{A785C0DC-AE3F-43DD-9836-76B99474EC99}.Release|x86.Build.0 = Release|Win32
	EndGlobalSection
	GlobalSection(SolutionProperties) = preSolution
		HideSolutionNode = FALSE
	EndGlobalSection
	GlobalSection(ExtensibilityGlobals) = postSolution
		SolutionGuid = {FE4442E7-0668-49DE-8D1C-C522250945D0}
	EndGlobalSection
EndGlobal
